
Microsoft Visual Studio Solution File, Format Version 12.00
# Visual Studio Version 17
VisualStudioVersion = 17.8.34330.188
MinimumVisualStudioVersion = 10.0.40219.1
Project("{FAE04EC0-301F-11D3-BF4B-00C04F79EFBC}") = "WORDAPPCHECKER", "WORDAPPCHECKER\WORDAPPCHECKER.csproj", "{AEACB80E-FDBE-4DC8-A374-D85A002D42AA}"
EndProject
Global
	GlobalSection(SolutionConfigurationPlatforms) = preSolution
		Debug|Any CPU = Debug|Any CPU
		Release|Any CPU = Release|Any CPU
	EndGlobalSection
	GlobalSection(ProjectConfigurationPlatforms) = postSolution
		{AEACB80E-FDBE-4DC8-A374-D85A002D42AA}.Debug|Any CPU.ActiveCfg = Debug|Any CPU
		{AEACB80E-FDBE-4DC8-A374-D85A002D42AA}.Debug|Any CPU.Build.0 = Debug|Any CPU
		{AEACB80E-FDBE-4DC8-A374-D85A002D42AA}.Release|Any CPU.ActiveCfg = Release|Any CPU
		{AEACB80E-FDBE-4DC8-A374-D85A002D42AA}.Release|Any CPU.Build.0 = Release|Any CPU
	EndGlobalSection
	GlobalSection(SolutionProperties) = preSolution
		HideSolutionNode = FALSE
	EndGlobalSection
	GlobalSection(ExtensibilityGlobals) = postSolution
		SolutionGuid = {3DA427BA-C1B9-4644-B6EF-8B63B628970C}
	EndGlobalSection
EndGlobal
